// !$*UTF8*$!
{
	archiveVersion = 1;
	classes = {
	};
	objectVersion = 45;
	objects = {

/* Begin PBXBuildFile section */
		1D60589B0D05DD56006BFB54 /* main.m in Sources */ = {isa = PBXBuildFile; fileRef = 29B97316FDCFA39411CA2CEA /* main.m */; };
		1D60589F0D05DD5A006BFB54 /* Foundation.framework in Frameworks */ = {isa = PBXBuildFile; fileRef = 1D30AB110D05D00D00671497 /* Foundation.framework */; };
		1DF5F4E00D08C38300B7A737 /* UIKit.framework in Frameworks */ = {isa = PBXBuildFile; fileRef = 1DF5F4DF0D08C38300B7A737 /* UIKit.framework */; };
		288765A50DF7441C002DB57D /* CoreGraphics.framework in Frameworks */ = {isa = PBXBuildFile; fileRef = 288765A40DF7441C002DB57D /* CoreGraphics.framework */; };
		28D801B40F44B63D00FB423F /* CoreData.framework in Frameworks */ = {isa = PBXBuildFile; fileRef = 28D801B30F44B63D00FB423F /* CoreData.framework */; };
		323EAC96123EA77A004D85F6 /* GameKit.framework in Frameworks */ = {isa = PBXBuildFile; fileRef = 323EAC95123EA77A004D85F6 /* GameKit.framework */; settings = {ATTRIBUTES = (Weak, ); }; };
		324BBB75121FD178008631B0 /* libzbar.a in Frameworks */ = {isa = PBXBuildFile; fileRef = 324BBB6F121FD178008631B0 /* libzbar.a */; };
		324BBB76121FD178008631B0 /* zbar-back.png in Resources */ = {isa = PBXBuildFile; fileRef = 324BBB71121FD178008631B0 /* zbar-back.png */; };
		324BBB77121FD178008631B0 /* zbar-help.html in Resources */ = {isa = PBXBuildFile; fileRef = 324BBB72121FD178008631B0 /* zbar-help.html */; };
		324BBB78121FD178008631B0 /* zbar-helpicons.png in Resources */ = {isa = PBXBuildFile; fileRef = 324BBB73121FD178008631B0 /* zbar-helpicons.png */; };
		324BBB79121FD178008631B0 /* zbar-samples.png in Resources */ = {isa = PBXBuildFile; fileRef = 324BBB74121FD178008631B0 /* zbar-samples.png */; };
		324BBB7D121FDC7D008631B0 /* AVFoundation.framework in Frameworks */ = {isa = PBXBuildFile; fileRef = 324BBB7C121FDC7D008631B0 /* AVFoundation.framework */; };
		324BBB7F121FDC7D008631B0 /* CoreMedia.framework in Frameworks */ = {isa = PBXBuildFile; fileRef = 324BBB7E121FDC7D008631B0 /* CoreMedia.framework */; };
		324BBB81121FDC7D008631B0 /* CoreVideo.framework in Frameworks */ = {isa = PBXBuildFile; fileRef = 324BBB80121FDC7D008631B0 /* CoreVideo.framework */; };
		324BBB83121FDC7D008631B0 /* libiconv.dylib in Frameworks */ = {isa = PBXBuildFile; fileRef = 324BBB82121FDC7D008631B0 /* libiconv.dylib */; };
		324BBC6F12201D49008631B0 /* MainViewController.m in Sources */ = {isa = PBXBuildFile; fileRef = 324BBC6E12201D49008631B0 /* MainViewController.m */; };
		324BBCF012211A3A008631B0 /* LauncherView.m in Sources */ = {isa = PBXBuildFile; fileRef = 324BBCEF12211A3A008631B0 /* LauncherView.m */; };
		324BBDA21221B122008631B0 /* DefaultStyleSheet.m in Sources */ = {isa = PBXBuildFile; fileRef = 324BBDA11221B122008631B0 /* DefaultStyleSheet.m */; };
		32749755122B1C8900BED32D /* 1-1-57.png in Resources */ = {isa = PBXBuildFile; fileRef = 32749733122B1C8900BED32D /* 1-1-57.png */; };
		32749756122B1C8900BED32D /* 1-1-320.png in Resources */ = {isa = PBXBuildFile; fileRef = 32749734122B1C8900BED32D /* 1-1-320.png */; };
		32749757122B1C8900BED32D /* 1-2-57.png in Resources */ = {isa = PBXBuildFile; fileRef = 32749735122B1C8900BED32D /* 1-2-57.png */; };
		32749758122B1C8900BED32D /* 1-2-320.png in Resources */ = {isa = PBXBuildFile; fileRef = 32749736122B1C8900BED32D /* 1-2-320.png */; };
		32749759122B1C8900BED32D /* 1-3-57.png in Resources */ = {isa = PBXBuildFile; fileRef = 32749737122B1C8900BED32D /* 1-3-57.png */; };
		3274975A122B1C8900BED32D /* 1-3-320.png in Resources */ = {isa = PBXBuildFile; fileRef = 32749738122B1C8900BED32D /* 1-3-320.png */; };
		3274975B122B1C8900BED32D /* 1-4-57.png in Resources */ = {isa = PBXBuildFile; fileRef = 32749739122B1C8900BED32D /* 1-4-57.png */; };
		3274975C122B1C8900BED32D /* 1-4-320.png in Resources */ = {isa = PBXBuildFile; fileRef = 3274973A122B1C8900BED32D /* 1-4-320.png */; };
		3274975D122B1C8900BED32D /* 1-5-57.png in Resources */ = {isa = PBXBuildFile; fileRef = 3274973B122B1C8900BED32D /* 1-5-57.png */; };
		3274975E122B1C8900BED32D /* 1-5-320.png in Resources */ = {isa = PBXBuildFile; fileRef = 3274973C122B1C8900BED32D /* 1-5-320.png */; };
		3274975F122B1C8900BED32D /* 1-6-57.png in Resources */ = {isa = PBXBuildFile; fileRef = 3274973D122B1C8900BED32D /* 1-6-57.png */; };
		32749760122B1C8900BED32D /* 1-6-320.png in Resources */ = {isa = PBXBuildFile; fileRef = 3274973E122B1C8900BED32D /* 1-6-320.png */; };
		32749761122B1C8900BED32D /* 1-7-57.png in Resources */ = {isa = PBXBuildFile; fileRef = 3274973F122B1C8900BED32D /* 1-7-57.png */; };
		32749762122B1C8900BED32D /* 1-7-320.png in Resources */ = {isa = PBXBuildFile; fileRef = 32749740122B1C8900BED32D /* 1-7-320.png */; };
		32749763122B1C8900BED32D /* 1-8-57.png in Resources */ = {isa = PBXBuildFile; fileRef = 32749741122B1C8900BED32D /* 1-8-57.png */; };
		32749764122B1C8900BED32D /* 1-8-320.png in Resources */ = {isa = PBXBuildFile; fileRef = 32749742122B1C8900BED32D /* 1-8-320.png */; };
		32749765122B1C8900BED32D /* 1-9-57.png in Resources */ = {isa = PBXBuildFile; fileRef = 32749743122B1C8900BED32D /* 1-9-57.png */; };
		32749766122B1C8900BED32D /* 1-9-320.png in Resources */ = {isa = PBXBuildFile; fileRef = 32749744122B1C8900BED32D /* 1-9-320.png */; };
		32749767122B1C8900BED32D /* 1-10-57.png in Resources */ = {isa = PBXBuildFile; fileRef = 32749745122B1C8900BED32D /* 1-10-57.png */; };
		32749768122B1C8900BED32D /* 1-10-320.png in Resources */ = {isa = PBXBuildFile; fileRef = 32749746122B1C8900BED32D /* 1-10-320.png */; };
		32749769122B1C8900BED32D /* 1-11-57.png in Resources */ = {isa = PBXBuildFile; fileRef = 32749747122B1C8900BED32D /* 1-11-57.png */; };
		3274976A122B1C8900BED32D /* 1-11-320.png in Resources */ = {isa = PBXBuildFile; fileRef = 32749748122B1C8900BED32D /* 1-11-320.png */; };
		3274976B122B1C8900BED32D /* 1-12-57.png in Resources */ = {isa = PBXBuildFile; fileRef = 32749749122B1C8900BED32D /* 1-12-57.png */; };
		3274976C122B1C8900BED32D /* 1-12-320.png in Resources */ = {isa = PBXBuildFile; fileRef = 3274974A122B1C8900BED32D /* 1-12-320.png */; };
		3274976D122B1C8900BED32D /* 1-13-57.png in Resources */ = {isa = PBXBuildFile; fileRef = 3274974B122B1C8900BED32D /* 1-13-57.png */; };
		3274976E122B1C8900BED32D /* 1-13-320.png in Resources */ = {isa = PBXBuildFile; fileRef = 3274974C122B1C8900BED32D /* 1-13-320.png */; };
		3274976F122B1C8900BED32D /* 1-14-57.png in Resources */ = {isa = PBXBuildFile; fileRef = 3274974D122B1C8900BED32D /* 1-14-57.png */; };
		32749770122B1C8900BED32D /* 1-14-320.png in Resources */ = {isa = PBXBuildFile; fileRef = 3274974E122B1C8900BED32D /* 1-14-320.png */; };
		32749771122B1C8900BED32D /* 1-15-57.png in Resources */ = {isa = PBXBuildFile; fileRef = 3274974F122B1C8900BED32D /* 1-15-57.png */; };
		32749772122B1C8900BED32D /* 1-15-320.png in Resources */ = {isa = PBXBuildFile; fileRef = 32749750122B1C8900BED32D /* 1-15-320.png */; };
		32749773122B1C8900BED32D /* 1-16-57.png in Resources */ = {isa = PBXBuildFile; fileRef = 32749751122B1C8900BED32D /* 1-16-57.png */; };
		32749774122B1C8900BED32D /* 1-16-320.png in Resources */ = {isa = PBXBuildFile; fileRef = 32749752122B1C8900BED32D /* 1-16-320.png */; };
		32749775122B1C8900BED32D /* Hidden-1.png in Resources */ = {isa = PBXBuildFile; fileRef = 32749753122B1C8900BED32D /* Hidden-1.png */; };
		32749776122B1C8900BED32D /* Hidden-2.png in Resources */ = {isa = PBXBuildFile; fileRef = 32749754122B1C8900BED32D /* Hidden-2.png */; };
		32749797122B204400BED32D /* 2-1-57.png in Resources */ = {isa = PBXBuildFile; fileRef = 32749777122B204400BED32D /* 2-1-57.png */; };
		32749798122B204400BED32D /* 2-1-320.png in Resources */ = {isa = PBXBuildFile; fileRef = 32749778122B204400BED32D /* 2-1-320.png */; };
		32749799122B204400BED32D /* 2-2-57.png in Resources */ = {isa = PBXBuildFile; fileRef = 32749779122B204400BED32D /* 2-2-57.png */; };
		3274979A122B204400BED32D /* 2-2-320.png in Resources */ = {isa = PBXBuildFile; fileRef = 3274977A122B204400BED32D /* 2-2-320.png */; };
		3274979B122B204400BED32D /* 2-3-57.png in Resources */ = {isa = PBXBuildFile; fileRef = 3274977B122B204400BED32D /* 2-3-57.png */; };
		3274979C122B204400BED32D /* 2-3-320.png in Resources */ = {isa = PBXBuildFile; fileRef = 3274977C122B204400BED32D /* 2-3-320.png */; };
		3274979D122B204400BED32D /* 2-4-57.png in Resources */ = {isa = PBXBuildFile; fileRef = 3274977D122B204400BED32D /* 2-4-57.png */; };
		3274979E122B204400BED32D /* 2-4-320.png in Resources */ = {isa = PBXBuildFile; fileRef = 3274977E122B204400BED32D /* 2-4-320.png */; };
		3274979F122B204400BED32D /* 2-5-57.png in Resources */ = {isa = PBXBuildFile; fileRef = 3274977F122B204400BED32D /* 2-5-57.png */; };
		327497A0122B204400BED32D /* 2-5-320.png in Resources */ = {isa = PBXBuildFile; fileRef = 32749780122B204400BED32D /* 2-5-320.png */; };
		327497A1122B204400BED32D /* 2-6-57.png in Resources */ = {isa = PBXBuildFile; fileRef = 32749781122B204400BED32D /* 2-6-57.png */; };
		327497A2122B204400BED32D /* 2-6-320.png in Resources */ = {isa = PBXBuildFile; fileRef = 32749782122B204400BED32D /* 2-6-320.png */; };
		327497A3122B204400BED32D /* 2-7-57.png in Resources */ = {isa = PBXBuildFile; fileRef = 32749783122B204400BED32D /* 2-7-57.png */; };
		327497A4122B204400BED32D /* 2-7-320.png in Resources */ = {isa = PBXBuildFile; fileRef = 32749784122B204400BED32D /* 2-7-320.png */; };
		327497A5122B204400BED32D /* 2-8-57.png in Resources */ = {isa = PBXBuildFile; fileRef = 32749785122B204400BED32D /* 2-8-57.png */; };
		327497A6122B204400BED32D /* 2-8-320.png in Resources */ = {isa = PBXBuildFile; fileRef = 32749786122B204400BED32D /* 2-8-320.png */; };
		327497A7122B204400BED32D /* 2-9-57.png in Resources */ = {isa = PBXBuildFile; fileRef = 32749787122B204400BED32D /* 2-9-57.png */; };
		327497A8122B204400BED32D /* 2-9-320.png in Resources */ = {isa = PBXBuildFile; fileRef = 32749788122B204400BED32D /* 2-9-320.png */; };
		327497A9122B204400BED32D /* 2-10-57.png in Resources */ = {isa = PBXBuildFile; fileRef = 32749789122B204400BED32D /* 2-10-57.png */; };
		327497AA122B204400BED32D /* 2-10-320.png in Resources */ = {isa = PBXBuildFile; fileRef = 3274978A122B204400BED32D /* 2-10-320.png */; };
		327497AB122B204400BED32D /* 2-11-57.png in Resources */ = {isa = PBXBuildFile; fileRef = 3274978B122B204400BED32D /* 2-11-57.png */; };
		327497AC122B204400BED32D /* 2-11-320.png in Resources */ = {isa = PBXBuildFile; fileRef = 3274978C122B204400BED32D /* 2-11-320.png */; };
		327497AD122B204400BED32D /* 2-12-57.png in Resources */ = {isa = PBXBuildFile; fileRef = 3274978D122B204400BED32D /* 2-12-57.png */; };
		327497AE122B204400BED32D /* 2-12-320.png in Resources */ = {isa = PBXBuildFile; fileRef = 3274978E122B204400BED32D /* 2-12-320.png */; };
		327497AF122B204400BED32D /* 2-13-57.png in Resources */ = {isa = PBXBuildFile; fileRef = 3274978F122B204400BED32D /* 2-13-57.png */; };
		327497B0122B204400BED32D /* 2-13-320.png in Resources */ = {isa = PBXBuildFile; fileRef = 32749790122B204400BED32D /* 2-13-320.png */; };
		327497B1122B204400BED32D /* 2-14-57.png in Resources */ = {isa = PBXBuildFile; fileRef = 32749791122B204400BED32D /* 2-14-57.png */; };
		327497B2122B204400BED32D /* 2-14-320.png in Resources */ = {isa = PBXBuildFile; fileRef = 32749792122B204400BED32D /* 2-14-320.png */; };
		327497B3122B204400BED32D /* 2-15-57.png in Resources */ = {isa = PBXBuildFile; fileRef = 32749793122B204400BED32D /* 2-15-57.png */; };
		327497B4122B204400BED32D /* 2-15-320.png in Resources */ = {isa = PBXBuildFile; fileRef = 32749794122B204400BED32D /* 2-15-320.png */; };
		327497B5122B204400BED32D /* 2-16-57.png in Resources */ = {isa = PBXBuildFile; fileRef = 32749795122B204400BED32D /* 2-16-57.png */; };
		327497B6122B204400BED32D /* 2-16-320.png in Resources */ = {isa = PBXBuildFile; fileRef = 32749796122B204400BED32D /* 2-16-320.png */; };
		327497CB122B283D00BED32D /* Default.png in Resources */ = {isa = PBXBuildFile; fileRef = 327497CA122B283D00BED32D /* Default.png */; };
		32749807122B360900BED32D /* Icon.png in Resources */ = {isa = PBXBuildFile; fileRef = 32749806122B360900BED32D /* Icon.png */; };
		32BEAAE412223C38003B0278 /* FigureViewController.m in Sources */ = {isa = PBXBuildFile; fileRef = 32BEAAE312223C38003B0278 /* FigureViewController.m */; };
		32BEAC8312240E05003B0278 /* Figure.m in Sources */ = {isa = PBXBuildFile; fileRef = 32BEAC8212240E05003B0278 /* Figure.m */; };
		32C4FAD2124963680069E688 /* achievements.png in Resources */ = {isa = PBXBuildFile; fileRef = 32C4FAD1124963680069E688 /* achievements.png */; };
		6E37974911B9BDCB0011C497 /* libThree20Core.a in Frameworks */ = {isa = PBXBuildFile; fileRef = 6E37972511B9BDB60011C497 /* libThree20Core.a */; };
		6E37974A11B9BDCB0011C497 /* libThree20Network.a in Frameworks */ = {isa = PBXBuildFile; fileRef = 6E37972B11B9BDB60011C497 /* libThree20Network.a */; };
		6E37974B11B9BDCC0011C497 /* libThree20Style.a in Frameworks */ = {isa = PBXBuildFile; fileRef = 6E37973111B9BDB60011C497 /* libThree20Style.a */; };
		6E37974C11B9BDCC0011C497 /* libThree20UI.a in Frameworks */ = {isa = PBXBuildFile; fileRef = 6E37974311B9BDB60011C497 /* libThree20UI.a */; };
		6E37974D11B9BDCC0011C497 /* libThree20UICommon.a in Frameworks */ = {isa = PBXBuildFile; fileRef = 6E37973711B9BDB60011C497 /* libThree20UICommon.a */; };
		6E37974E11B9BDCD0011C497 /* libThree20UINavigator.a in Frameworks */ = {isa = PBXBuildFile; fileRef = 6E37973D11B9BDB60011C497 /* libThree20UINavigator.a */; };
		6EF963EC118E96CC003902E7 /* libThree20.a in Frameworks */ = {isa = PBXBuildFile; fileRef = 6EF963E9118E96CA003902E7 /* libThree20.a */; };
		EB383C0610BBF8A40000B2D2 /* AppDelegate.m in Sources */ = {isa = PBXBuildFile; fileRef = EB383C0510BBF8A40000B2D2 /* AppDelegate.m */; };
		EB383C1410BBF8C70000B2D2 /* QuartzCore.framework in Frameworks */ = {isa = PBXBuildFile; fileRef = EB383C1310BBF8C70000B2D2 /* QuartzCore.framework */; };
		EB383D1110BBFC630000B2D2 /* Three20.bundle in Resources */ = {isa = PBXBuildFile; fileRef = EB383D1010BBFC630000B2D2 /* Three20.bundle */; };
/* End PBXBuildFile section */

/* Begin PBXContainerItemProxy section */
		6E37972411B9BDB60011C497 /* PBXContainerItemProxy */ = {
			isa = PBXContainerItemProxy;
			containerPortal = 6E37971011B9BDB60011C497 /* Three20Core.xcodeproj */;
			proxyType = 2;
			remoteGlobalIDString = BEF31F3A0F352DF5000DE5D2;
			remoteInfo = Three20Core;
		};
		6E37972611B9BDB60011C497 /* PBXContainerItemProxy */ = {
			isa = PBXContainerItemProxy;
			containerPortal = 6E37971011B9BDB60011C497 /* Three20Core.xcodeproj */;
			proxyType = 2;
			remoteGlobalIDString = EB9E6C6210B6A8F800DE563C;
			remoteInfo = UnitTests;
		};
		6E37972A11B9BDB60011C497 /* PBXContainerItemProxy */ = {
			isa = PBXContainerItemProxy;
			containerPortal = 6E37971311B9BDB60011C497 /* Three20Network.xcodeproj */;
			proxyType = 2;
			remoteGlobalIDString = BEF31F3A0F352DF5000DE5D2;
			remoteInfo = Three20Network;
		};
		6E37972C11B9BDB60011C497 /* PBXContainerItemProxy */ = {
			isa = PBXContainerItemProxy;
			containerPortal = 6E37971311B9BDB60011C497 /* Three20Network.xcodeproj */;
			proxyType = 2;
			remoteGlobalIDString = EB9E6C6210B6A8F800DE563C;
			remoteInfo = UnitTests;
		};
		6E37973011B9BDB60011C497 /* PBXContainerItemProxy */ = {
			isa = PBXContainerItemProxy;
			containerPortal = 6E37971611B9BDB60011C497 /* Three20Style.xcodeproj */;
			proxyType = 2;
			remoteGlobalIDString = BEF31F3A0F352DF5000DE5D2;
			remoteInfo = Three20Style;
		};
		6E37973211B9BDB60011C497 /* PBXContainerItemProxy */ = {
			isa = PBXContainerItemProxy;
			containerPortal = 6E37971611B9BDB60011C497 /* Three20Style.xcodeproj */;
			proxyType = 2;
			remoteGlobalIDString = EB9E6C6210B6A8F800DE563C;
			remoteInfo = UnitTests;
		};
		6E37973611B9BDB60011C497 /* PBXContainerItemProxy */ = {
			isa = PBXContainerItemProxy;
			containerPortal = 6E37971911B9BDB60011C497 /* Three20UICommon.xcodeproj */;
			proxyType = 2;
			remoteGlobalIDString = BEF31F3A0F352DF5000DE5D2;
			remoteInfo = Three20UICommon;
		};
		6E37973811B9BDB60011C497 /* PBXContainerItemProxy */ = {
			isa = PBXContainerItemProxy;
			containerPortal = 6E37971911B9BDB60011C497 /* Three20UICommon.xcodeproj */;
			proxyType = 2;
			remoteGlobalIDString = EB9E6C6210B6A8F800DE563C;
			remoteInfo = UnitTests;
		};
		6E37973C11B9BDB60011C497 /* PBXContainerItemProxy */ = {
			isa = PBXContainerItemProxy;
			containerPortal = 6E37971C11B9BDB60011C497 /* Three20UINavigator.xcodeproj */;
			proxyType = 2;
			remoteGlobalIDString = BEF31F3A0F352DF5000DE5D2;
			remoteInfo = Three20UINavigator;
		};
		6E37973E11B9BDB60011C497 /* PBXContainerItemProxy */ = {
			isa = PBXContainerItemProxy;
			containerPortal = 6E37971C11B9BDB60011C497 /* Three20UINavigator.xcodeproj */;
			proxyType = 2;
			remoteGlobalIDString = EB9E6C6210B6A8F800DE563C;
			remoteInfo = UnitTests;
		};
		6E37974211B9BDB60011C497 /* PBXContainerItemProxy */ = {
			isa = PBXContainerItemProxy;
			containerPortal = 6E37971F11B9BDB60011C497 /* Three20UI.xcodeproj */;
			proxyType = 2;
			remoteGlobalIDString = BEF31F3A0F352DF5000DE5D2;
			remoteInfo = Three20UI;
		};
		6E37974411B9BDB60011C497 /* PBXContainerItemProxy */ = {
			isa = PBXContainerItemProxy;
			containerPortal = 6E37971F11B9BDB60011C497 /* Three20UI.xcodeproj */;
			proxyType = 2;
			remoteGlobalIDString = EB9E6C6210B6A8F800DE563C;
			remoteInfo = UnitTests;
		};
		6E37974F11B9BDD70011C497 /* PBXContainerItemProxy */ = {
			isa = PBXContainerItemProxy;
			containerPortal = 6E37971311B9BDB60011C497 /* Three20Network.xcodeproj */;
			proxyType = 1;
			remoteGlobalIDString = BEF31F390F352DF5000DE5D2;
			remoteInfo = Three20Network;
		};
		6E37975111B9BDD70011C497 /* PBXContainerItemProxy */ = {
			isa = PBXContainerItemProxy;
			containerPortal = 6E37971C11B9BDB60011C497 /* Three20UINavigator.xcodeproj */;
			proxyType = 1;
			remoteGlobalIDString = BEF31F390F352DF5000DE5D2;
			remoteInfo = Three20UINavigator;
		};
		6E37975311B9BDD70011C497 /* PBXContainerItemProxy */ = {
			isa = PBXContainerItemProxy;
			containerPortal = 6E37971911B9BDB60011C497 /* Three20UICommon.xcodeproj */;
			proxyType = 1;
			remoteGlobalIDString = BEF31F390F352DF5000DE5D2;
			remoteInfo = Three20UICommon;
		};
		6E37975511B9BDD70011C497 /* PBXContainerItemProxy */ = {
			isa = PBXContainerItemProxy;
			containerPortal = 6E37971011B9BDB60011C497 /* Three20Core.xcodeproj */;
			proxyType = 1;
			remoteGlobalIDString = BEF31F390F352DF5000DE5D2;
			remoteInfo = Three20Core;
		};
		6E37975711B9BDD70011C497 /* PBXContainerItemProxy */ = {
			isa = PBXContainerItemProxy;
			containerPortal = 6E37971611B9BDB60011C497 /* Three20Style.xcodeproj */;
			proxyType = 1;
			remoteGlobalIDString = BEF31F390F352DF5000DE5D2;
			remoteInfo = Three20Style;
		};
		6E37975911B9BDD70011C497 /* PBXContainerItemProxy */ = {
			isa = PBXContainerItemProxy;
			containerPortal = 6E37971F11B9BDB60011C497 /* Three20UI.xcodeproj */;
			proxyType = 1;
			remoteGlobalIDString = BEF31F390F352DF5000DE5D2;
			remoteInfo = Three20UI;
		};
		6EF963E8118E96CA003902E7 /* PBXContainerItemProxy */ = {
			isa = PBXContainerItemProxy;
			containerPortal = 6EF963BD118E96C9003902E7 /* Three20.xcodeproj */;
			proxyType = 2;
			remoteGlobalIDString = BEF31F3A0F352DF5000DE5D2;
			remoteInfo = Three20;
		};
		6EF963EA118E96CA003902E7 /* PBXContainerItemProxy */ = {
			isa = PBXContainerItemProxy;
			containerPortal = 6EF963BD118E96C9003902E7 /* Three20.xcodeproj */;
			proxyType = 2;
			remoteGlobalIDString = EB9E6C6210B6A8F800DE563C;
			remoteInfo = UnitTests;
		};
		6EF963ED118E96CF003902E7 /* PBXContainerItemProxy */ = {
			isa = PBXContainerItemProxy;
			containerPortal = 6EF963BD118E96C9003902E7 /* Three20.xcodeproj */;
			proxyType = 1;
			remoteGlobalIDString = BEF31F390F352DF5000DE5D2;
			remoteInfo = Three20;
		};
/* End PBXContainerItemProxy section */

/* Begin PBXFileReference section */
		1D30AB110D05D00D00671497 /* Foundation.framework */ = {isa = PBXFileReference; lastKnownFileType = wrapper.framework; name = Foundation.framework; path = System/Library/Frameworks/Foundation.framework; sourceTree = SDKROOT; };
		1D6058910D05DD3D006BFB54 /* Mini Collector.app */ = {isa = PBXFileReference; explicitFileType = wrapper.application; includeInIndex = 0; path = "Mini Collector.app"; sourceTree = BUILT_PRODUCTS_DIR; };
		1DF5F4DF0D08C38300B7A737 /* UIKit.framework */ = {isa = PBXFileReference; lastKnownFileType = wrapper.framework; name = UIKit.framework; path = System/Library/Frameworks/UIKit.framework; sourceTree = SDKROOT; };
		288765A40DF7441C002DB57D /* CoreGraphics.framework */ = {isa = PBXFileReference; lastKnownFileType = wrapper.framework; name = CoreGraphics.framework; path = System/Library/Frameworks/CoreGraphics.framework; sourceTree = SDKROOT; };
		28D801B30F44B63D00FB423F /* CoreData.framework */ = {isa = PBXFileReference; lastKnownFileType = wrapper.framework; name = CoreData.framework; path = System/Library/Frameworks/CoreData.framework; sourceTree = SDKROOT; };
		29B97316FDCFA39411CA2CEA /* main.m */ = {isa = PBXFileReference; fileEncoding = 4; lastKnownFileType = sourcecode.c.objc; path = main.m; sourceTree = "<group>"; };
		323EAC95123EA77A004D85F6 /* GameKit.framework */ = {isa = PBXFileReference; lastKnownFileType = wrapper.framework; name = GameKit.framework; path = System/Library/Frameworks/GameKit.framework; sourceTree = SDKROOT; };
		324BBB5D121FD178008631B0 /* Decoder.h */ = {isa = PBXFileReference; fileEncoding = 4; lastKnownFileType = sourcecode.c.h; path = Decoder.h; sourceTree = "<group>"; };
		324BBB5E121FD178008631B0 /* Exception.h */ = {isa = PBXFileReference; fileEncoding = 4; lastKnownFileType = sourcecode.c.h; path = Exception.h; sourceTree = "<group>"; };
		324BBB5F121FD178008631B0 /* Image.h */ = {isa = PBXFileReference; fileEncoding = 4; lastKnownFileType = sourcecode.c.h; path = Image.h; sourceTree = "<group>"; };
		324BBB60121FD178008631B0 /* ImageScanner.h */ = {isa = PBXFileReference; fileEncoding = 4; lastKnownFileType = sourcecode.c.h; path = ImageScanner.h; sourceTree = "<group>"; };
		324BBB61121FD178008631B0 /* Processor.h */ = {isa = PBXFileReference; fileEncoding = 4; lastKnownFileType = sourcecode.c.h; path = Processor.h; sourceTree = "<group>"; };
		324BBB62121FD178008631B0 /* Scanner.h */ = {isa = PBXFileReference; fileEncoding = 4; lastKnownFileType = sourcecode.c.h; path = Scanner.h; sourceTree = "<group>"; };
		324BBB63121FD178008631B0 /* Symbol.h */ = {isa = PBXFileReference; fileEncoding = 4; lastKnownFileType = sourcecode.c.h; path = Symbol.h; sourceTree = "<group>"; };
		324BBB64121FD178008631B0 /* Video.h */ = {isa = PBXFileReference; fileEncoding = 4; lastKnownFileType = sourcecode.c.h; path = Video.h; sourceTree = "<group>"; };
		324BBB65121FD178008631B0 /* Window.h */ = {isa = PBXFileReference; fileEncoding = 4; lastKnownFileType = sourcecode.c.h; path = Window.h; sourceTree = "<group>"; };
		324BBB66121FD178008631B0 /* zbar.h */ = {isa = PBXFileReference; fileEncoding = 4; lastKnownFileType = sourcecode.c.h; path = zbar.h; sourceTree = "<group>"; };
		324BBB67121FD178008631B0 /* ZBarCaptureReader.h */ = {isa = PBXFileReference; fileEncoding = 4; lastKnownFileType = sourcecode.c.h; path = ZBarCaptureReader.h; sourceTree = "<group>"; };
		324BBB68121FD178008631B0 /* ZBarImage.h */ = {isa = PBXFileReference; fileEncoding = 4; lastKnownFileType = sourcecode.c.h; path = ZBarImage.h; sourceTree = "<group>"; };
		324BBB69121FD178008631B0 /* ZBarImageScanner.h */ = {isa = PBXFileReference; fileEncoding = 4; lastKnownFileType = sourcecode.c.h; path = ZBarImageScanner.h; sourceTree = "<group>"; };
		324BBB6A121FD178008631B0 /* ZBarReaderController.h */ = {isa = PBXFileReference; fileEncoding = 4; lastKnownFileType = sourcecode.c.h; path = ZBarReaderController.h; sourceTree = "<group>"; };
		324BBB6B121FD178008631B0 /* ZBarReaderView.h */ = {isa = PBXFileReference; fileEncoding = 4; lastKnownFileType = sourcecode.c.h; path = ZBarReaderView.h; sourceTree = "<group>"; };
		324BBB6C121FD178008631B0 /* ZBarReaderViewController.h */ = {isa = PBXFileReference; fileEncoding = 4; lastKnownFileType = sourcecode.c.h; path = ZBarReaderViewController.h; sourceTree = "<group>"; };
		324BBB6D121FD178008631B0 /* ZBarSDK.h */ = {isa = PBXFileReference; fileEncoding = 4; lastKnownFileType = sourcecode.c.h; path = ZBarSDK.h; sourceTree = "<group>"; };
		324BBB6E121FD178008631B0 /* ZBarSymbol.h */ = {isa = PBXFileReference; fileEncoding = 4; lastKnownFileType = sourcecode.c.h; path = ZBarSymbol.h; sourceTree = "<group>"; };
		324BBB6F121FD178008631B0 /* libzbar.a */ = {isa = PBXFileReference; lastKnownFileType = archive.ar; path = libzbar.a; sourceTree = "<group>"; };
		324BBB71121FD178008631B0 /* zbar-back.png */ = {isa = PBXFileReference; lastKnownFileType = image.png; path = "zbar-back.png"; sourceTree = "<group>"; };
		324BBB72121FD178008631B0 /* zbar-help.html */ = {isa = PBXFileReference; fileEncoding = 4; lastKnownFileType = text.html; path = "zbar-help.html"; sourceTree = "<group>"; };
		324BBB73121FD178008631B0 /* zbar-helpicons.png */ = {isa = PBXFileReference; lastKnownFileType = image.png; path = "zbar-helpicons.png"; sourceTree = "<group>"; };
		324BBB74121FD178008631B0 /* zbar-samples.png */ = {isa = PBXFileReference; lastKnownFileType = image.png; path = "zbar-samples.png"; sourceTree = "<group>"; };
		324BBB7C121FDC7D008631B0 /* AVFoundation.framework */ = {isa = PBXFileReference; lastKnownFileType = wrapper.framework; name = AVFoundation.framework; path = System/Library/Frameworks/AVFoundation.framework; sourceTree = SDKROOT; };
		324BBB7E121FDC7D008631B0 /* CoreMedia.framework */ = {isa = PBXFileReference; lastKnownFileType = wrapper.framework; name = CoreMedia.framework; path = System/Library/Frameworks/CoreMedia.framework; sourceTree = SDKROOT; };
		324BBB80121FDC7D008631B0 /* CoreVideo.framework */ = {isa = PBXFileReference; lastKnownFileType = wrapper.framework; name = CoreVideo.framework; path = System/Library/Frameworks/CoreVideo.framework; sourceTree = SDKROOT; };
		324BBB82121FDC7D008631B0 /* libiconv.dylib */ = {isa = PBXFileReference; lastKnownFileType = "compiled.mach-o.dylib"; name = libiconv.dylib; path = usr/lib/libiconv.dylib; sourceTree = SDKROOT; };
		324BBC6E12201D49008631B0 /* MainViewController.m */ = {isa = PBXFileReference; fileEncoding = 4; lastKnownFileType = sourcecode.c.objc; path = MainViewController.m; sourceTree = "<group>"; };
		324BBC7012201D9A008631B0 /* MainViewController.h */ = {isa = PBXFileReference; fileEncoding = 4; lastKnownFileType = sourcecode.c.h; path = MainViewController.h; sourceTree = "<group>"; };
		324BBCEE12211A3A008631B0 /* LauncherView.h */ = {isa = PBXFileReference; fileEncoding = 4; lastKnownFileType = sourcecode.c.h; path = LauncherView.h; sourceTree = "<group>"; };
		324BBCEF12211A3A008631B0 /* LauncherView.m */ = {isa = PBXFileReference; fileEncoding = 4; lastKnownFileType = sourcecode.c.objc; path = LauncherView.m; sourceTree = "<group>"; };
		324BBDA01221B122008631B0 /* DefaultStyleSheet.h */ = {isa = PBXFileReference; fileEncoding = 4; lastKnownFileType = sourcecode.c.h; path = DefaultStyleSheet.h; sourceTree = "<group>"; };
		324BBDA11221B122008631B0 /* DefaultStyleSheet.m */ = {isa = PBXFileReference; fileEncoding = 4; lastKnownFileType = sourcecode.c.objc; path = DefaultStyleSheet.m; sourceTree = "<group>"; };
		32749733122B1C8900BED32D /* 1-1-57.png */ = {isa = PBXFileReference; lastKnownFileType = image.png; name = "1-1-57.png"; path = "Images/1-1-57.png"; sourceTree = "<group>"; };
		32749734122B1C8900BED32D /* 1-1-320.png */ = {isa = PBXFileReference; lastKnownFileType = image.png; name = "1-1-320.png"; path = "Images/1-1-320.png"; sourceTree = "<group>"; };
		32749735122B1C8900BED32D /* 1-2-57.png */ = {isa = PBXFileReference; lastKnownFileType = image.png; name = "1-2-57.png"; path = "Images/1-2-57.png"; sourceTree = "<group>"; };
		32749736122B1C8900BED32D /* 1-2-320.png */ = {isa = PBXFileReference; lastKnownFileType = image.png; name = "1-2-320.png"; path = "Images/1-2-320.png"; sourceTree = "<group>"; };
		32749737122B1C8900BED32D /* 1-3-57.png */ = {isa = PBXFileReference; lastKnownFileType = image.png; name = "1-3-57.png"; path = "Images/1-3-57.png"; sourceTree = "<group>"; };
		32749738122B1C8900BED32D /* 1-3-320.png */ = {isa = PBXFileReference; lastKnownFileType = image.png; name = "1-3-320.png"; path = "Images/1-3-320.png"; sourceTree = "<group>"; };
		32749739122B1C8900BED32D /* 1-4-57.png */ = {isa = PBXFileReference; lastKnownFileType = image.png; name = "1-4-57.png"; path = "Images/1-4-57.png"; sourceTree = "<group>"; };
		3274973A122B1C8900BED32D /* 1-4-320.png */ = {isa = PBXFileReference; lastKnownFileType = image.png; name = "1-4-320.png"; path = "Images/1-4-320.png"; sourceTree = "<group>"; };
		3274973B122B1C8900BED32D /* 1-5-57.png */ = {isa = PBXFileReference; lastKnownFileType = image.png; name = "1-5-57.png"; path = "Images/1-5-57.png"; sourceTree = "<group>"; };
		3274973C122B1C8900BED32D /* 1-5-320.png */ = {isa = PBXFileReference; lastKnownFileType = image.png; name = "1-5-320.png"; path = "Images/1-5-320.png"; sourceTree = "<group>"; };
		3274973D122B1C8900BED32D /* 1-6-57.png */ = {isa = PBXFileReference; lastKnownFileType = image.png; name = "1-6-57.png"; path = "Images/1-6-57.png"; sourceTree = "<group>"; };
		3274973E122B1C8900BED32D /* 1-6-320.png */ = {isa = PBXFileReference; lastKnownFileType = image.png; name = "1-6-320.png"; path = "Images/1-6-320.png"; sourceTree = "<group>"; };
		3274973F122B1C8900BED32D /* 1-7-57.png */ = {isa = PBXFileReference; lastKnownFileType = image.png; name = "1-7-57.png"; path = "Images/1-7-57.png"; sourceTree = "<group>"; };
		32749740122B1C8900BED32D /* 1-7-320.png */ = {isa = PBXFileReference; lastKnownFileType = image.png; name = "1-7-320.png"; path = "Images/1-7-320.png"; sourceTree = "<group>"; };
		32749741122B1C8900BED32D /* 1-8-57.png */ = {isa = PBXFileReference; lastKnownFileType = image.png; name = "1-8-57.png"; path = "Images/1-8-57.png"; sourceTree = "<group>"; };
		32749742122B1C8900BED32D /* 1-8-320.png */ = {isa = PBXFileReference; lastKnownFileType = image.png; name = "1-8-320.png"; path = "Images/1-8-320.png"; sourceTree = "<group>"; };
		32749743122B1C8900BED32D /* 1-9-57.png */ = {isa = PBXFileReference; lastKnownFileType = image.png; name = "1-9-57.png"; path = "Images/1-9-57.png"; sourceTree = "<group>"; };
		32749744122B1C8900BED32D /* 1-9-320.png */ = {isa = PBXFileReference; lastKnownFileType = image.png; name = "1-9-320.png"; path = "Images/1-9-320.png"; sourceTree = "<group>"; };
		32749745122B1C8900BED32D /* 1-10-57.png */ = {isa = PBXFileReference; lastKnownFileType = image.png; name = "1-10-57.png"; path = "Images/1-10-57.png"; sourceTree = "<group>"; };
		32749746122B1C8900BED32D /* 1-10-320.png */ = {isa = PBXFileReference; lastKnownFileType = image.png; name = "1-10-320.png"; path = "Images/1-10-320.png"; sourceTree = "<group>"; };
		32749747122B1C8900BED32D /* 1-11-57.png */ = {isa = PBXFileReference; lastKnownFileType = image.png; name = "1-11-57.png"; path = "Images/1-11-57.png"; sourceTree = "<group>"; };
		32749748122B1C8900BED32D /* 1-11-320.png */ = {isa = PBXFileReference; lastKnownFileType = image.png; name = "1-11-320.png"; path = "Images/1-11-320.png"; sourceTree = "<group>"; };
		32749749122B1C8900BED32D /* 1-12-57.png */ = {isa = PBXFileReference; lastKnownFileType = image.png; name = "1-12-57.png"; path = "Images/1-12-57.png"; sourceTree = "<group>"; };
		3274974A122B1C8900BED32D /* 1-12-320.png */ = {isa = PBXFileReference; lastKnownFileType = image.png; name = "1-12-320.png"; path = "Images/1-12-320.png"; sourceTree = "<group>"; };
		3274974B122B1C8900BED32D /* 1-13-57.png */ = {isa = PBXFileReference; lastKnownFileType = image.png; name = "1-13-57.png"; path = "Images/1-13-57.png"; sourceTree = "<group>"; };
		3274974C122B1C8900BED32D /* 1-13-320.png */ = {isa = PBXFileReference; lastKnownFileType = image.png; name = "1-13-320.png"; path = "Images/1-13-320.png"; sourceTree = "<group>"; };
		3274974D122B1C8900BED32D /* 1-14-57.png */ = {isa = PBXFileReference; lastKnownFileType = image.png; name = "1-14-57.png"; path = "Images/1-14-57.png"; sourceTree = "<group>"; };
		3274974E122B1C8900BED32D /* 1-14-320.png */ = {isa = PBXFileReference; lastKnownFileType = image.png; name = "1-14-320.png"; path = "Images/1-14-320.png"; sourceTree = "<group>"; };
		3274974F122B1C8900BED32D /* 1-15-57.png */ = {isa = PBXFileReference; lastKnownFileType = image.png; name = "1-15-57.png"; path = "Images/1-15-57.png"; sourceTree = "<group>"; };
		32749750122B1C8900BED32D /* 1-15-320.png */ = {isa = PBXFileReference; lastKnownFileType = image.png; name = "1-15-320.png"; path = "Images/1-15-320.png"; sourceTree = "<group>"; };
		32749751122B1C8900BED32D /* 1-16-57.png */ = {isa = PBXFileReference; lastKnownFileType = image.png; name = "1-16-57.png"; path = "Images/1-16-57.png"; sourceTree = "<group>"; };
		32749752122B1C8900BED32D /* 1-16-320.png */ = {isa = PBXFileReference; lastKnownFileType = image.png; name = "1-16-320.png"; path = "Images/1-16-320.png"; sourceTree = "<group>"; };
		32749753122B1C8900BED32D /* Hidden-1.png */ = {isa = PBXFileReference; lastKnownFileType = image.png; name = "Hidden-1.png"; path = "Images/Hidden-1.png"; sourceTree = "<group>"; };
		32749754122B1C8900BED32D /* Hidden-2.png */ = {isa = PBXFileReference; lastKnownFileType = image.png; name = "Hidden-2.png"; path = "Images/Hidden-2.png"; sourceTree = "<group>"; };
		32749777122B204400BED32D /* 2-1-57.png */ = {isa = PBXFileReference; lastKnownFileType = image.png; name = "2-1-57.png"; path = "Images/2-1-57.png"; sourceTree = "<group>"; };
		32749778122B204400BED32D /* 2-1-320.png */ = {isa = PBXFileReference; lastKnownFileType = image.png; name = "2-1-320.png"; path = "Images/2-1-320.png"; sourceTree = "<group>"; };
		32749779122B204400BED32D /* 2-2-57.png */ = {isa = PBXFileReference; lastKnownFileType = image.png; name = "2-2-57.png"; path = "Images/2-2-57.png"; sourceTree = "<group>"; };
		3274977A122B204400BED32D /* 2-2-320.png */ = {isa = PBXFileReference; lastKnownFileType = image.png; name = "2-2-320.png"; path = "Images/2-2-320.png"; sourceTree = "<group>"; };
		3274977B122B204400BED32D /* 2-3-57.png */ = {isa = PBXFileReference; lastKnownFileType = image.png; name = "2-3-57.png"; path = "Images/2-3-57.png"; sourceTree = "<group>"; };
		3274977C122B204400BED32D /* 2-3-320.png */ = {isa = PBXFileReference; lastKnownFileType = image.png; name = "2-3-320.png"; path = "Images/2-3-320.png"; sourceTree = "<group>"; };
		3274977D122B204400BED32D /* 2-4-57.png */ = {isa = PBXFileReference; lastKnownFileType = image.png; name = "2-4-57.png"; path = "Images/2-4-57.png"; sourceTree = "<group>"; };
		3274977E122B204400BED32D /* 2-4-320.png */ = {isa = PBXFileReference; lastKnownFileType = image.png; name = "2-4-320.png"; path = "Images/2-4-320.png"; sourceTree = "<group>"; };
		3274977F122B204400BED32D /* 2-5-57.png */ = {isa = PBXFileReference; lastKnownFileType = image.png; name = "2-5-57.png"; path = "Images/2-5-57.png"; sourceTree = "<group>"; };
		32749780122B204400BED32D /* 2-5-320.png */ = {isa = PBXFileReference; lastKnownFileType = image.png; name = "2-5-320.png"; path = "Images/2-5-320.png"; sourceTree = "<group>"; };
		32749781122B204400BED32D /* 2-6-57.png */ = {isa = PBXFileReference; lastKnownFileType = image.png; name = "2-6-57.png"; path = "Images/2-6-57.png"; sourceTree = "<group>"; };
		32749782122B204400BED32D /* 2-6-320.png */ = {isa = PBXFileReference; lastKnownFileType = image.png; name = "2-6-320.png"; path = "Images/2-6-320.png"; sourceTree = "<group>"; };
		32749783122B204400BED32D /* 2-7-57.png */ = {isa = PBXFileReference; lastKnownFileType = image.png; name = "2-7-57.png"; path = "Images/2-7-57.png"; sourceTree = "<group>"; };
		32749784122B204400BED32D /* 2-7-320.png */ = {isa = PBXFileReference; lastKnownFileType = image.png; name = "2-7-320.png"; path = "Images/2-7-320.png"; sourceTree = "<group>"; };
		32749785122B204400BED32D /* 2-8-57.png */ = {isa = PBXFileReference; lastKnownFileType = image.png; name = "2-8-57.png"; path = "Images/2-8-57.png"; sourceTree = "<group>"; };
		32749786122B204400BED32D /* 2-8-320.png */ = {isa = PBXFileReference; lastKnownFileType = image.png; name = "2-8-320.png"; path = "Images/2-8-320.png"; sourceTree = "<group>"; };
		32749787122B204400BED32D /* 2-9-57.png */ = {isa = PBXFileReference; lastKnownFileType = image.png; name = "2-9-57.png"; path = "Images/2-9-57.png"; sourceTree = "<group>"; };
		32749788122B204400BED32D /* 2-9-320.png */ = {isa = PBXFileReference; lastKnownFileType = image.png; name = "2-9-320.png"; path = "Images/2-9-320.png"; sourceTree = "<group>"; };
		32749789122B204400BED32D /* 2-10-57.png */ = {isa = PBXFileReference; lastKnownFileType = image.png; name = "2-10-57.png"; path = "Images/2-10-57.png"; sourceTree = "<group>"; };
		3274978A122B204400BED32D /* 2-10-320.png */ = {isa = PBXFileReference; lastKnownFileType = image.png; name = "2-10-320.png"; path = "Images/2-10-320.png"; sourceTree = "<group>"; };
		3274978B122B204400BED32D /* 2-11-57.png */ = {isa = PBXFileReference; lastKnownFileType = image.png; name = "2-11-57.png"; path = "Images/2-11-57.png"; sourceTree = "<group>"; };
		3274978C122B204400BED32D /* 2-11-320.png */ = {isa = PBXFileReference; lastKnownFileType = image.png; name = "2-11-320.png"; path = "Images/2-11-320.png"; sourceTree = "<group>"; };
		3274978D122B204400BED32D /* 2-12-57.png */ = {isa = PBXFileReference; lastKnownFileType = image.png; name = "2-12-57.png"; path = "Images/2-12-57.png"; sourceTree = "<group>"; };
		3274978E122B204400BED32D /* 2-12-320.png */ = {isa = PBXFileReference; lastKnownFileType = image.png; name = "2-12-320.png"; path = "Images/2-12-320.png"; sourceTree = "<group>"; };
		3274978F122B204400BED32D /* 2-13-57.png */ = {isa = PBXFileReference; lastKnownFileType = image.png; name = "2-13-57.png"; path = "Images/2-13-57.png"; sourceTree = "<group>"; };
		32749790122B204400BED32D /* 2-13-320.png */ = {isa = PBXFileReference; lastKnownFileType = image.png; name = "2-13-320.png"; path = "Images/2-13-320.png"; sourceTree = "<group>"; };
		32749791122B204400BED32D /* 2-14-57.png */ = {isa = PBXFileReference; lastKnownFileType = image.png; name = "2-14-57.png"; path = "Images/2-14-57.png"; sourceTree = "<group>"; };
		32749792122B204400BED32D /* 2-14-320.png */ = {isa = PBXFileReference; lastKnownFileType = image.png; name = "2-14-320.png"; path = "Images/2-14-320.png"; sourceTree = "<group>"; };
		32749793122B204400BED32D /* 2-15-57.png */ = {isa = PBXFileReference; lastKnownFileType = image.png; name = "2-15-57.png"; path = "Images/2-15-57.png"; sourceTree = "<group>"; };
		32749794122B204400BED32D /* 2-15-320.png */ = {isa = PBXFileReference; lastKnownFileType = image.png; name = "2-15-320.png"; path = "Images/2-15-320.png"; sourceTree = "<group>"; };
		32749795122B204400BED32D /* 2-16-57.png */ = {isa = PBXFileReference; lastKnownFileType = image.png; name = "2-16-57.png"; path = "Images/2-16-57.png"; sourceTree = "<group>"; };
		32749796122B204400BED32D /* 2-16-320.png */ = {isa = PBXFileReference; lastKnownFileType = image.png; name = "2-16-320.png"; path = "Images/2-16-320.png"; sourceTree = "<group>"; };
		327497CA122B283D00BED32D /* Default.png */ = {isa = PBXFileReference; lastKnownFileType = image.png; path = Default.png; sourceTree = "<group>"; };
		32749806122B360900BED32D /* Icon.png */ = {isa = PBXFileReference; lastKnownFileType = image.png; path = Icon.png; sourceTree = "<group>"; };
		32749835122B8A9A00BED32D /* Entitlements.plist */ = {isa = PBXFileReference; fileEncoding = 4; lastKnownFileType = text.plist.xml; path = Entitlements.plist; sourceTree = "<group>"; };
		32BEAAE212223C38003B0278 /* FigureViewController.h */ = {isa = PBXFileReference; fileEncoding = 4; lastKnownFileType = sourcecode.c.h; path = FigureViewController.h; sourceTree = "<group>"; };
		32BEAAE312223C38003B0278 /* FigureViewController.m */ = {isa = PBXFileReference; fileEncoding = 4; lastKnownFileType = sourcecode.c.objc; path = FigureViewController.m; sourceTree = "<group>"; };
		32BEAC8112240E05003B0278 /* Figure.h */ = {isa = PBXFileReference; fileEncoding = 4; lastKnownFileType = sourcecode.c.h; path = Figure.h; sourceTree = "<group>"; };
		32BEAC8212240E05003B0278 /* Figure.m */ = {isa = PBXFileReference; fileEncoding = 4; lastKnownFileType = sourcecode.c.objc; path = Figure.m; sourceTree = "<group>"; };
		32C4FAD1124963680069E688 /* achievements.png */ = {isa = PBXFileReference; lastKnownFileType = image.png; name = achievements.png; path = Images/achievements.png; sourceTree = "<group>"; };
		32CA4F630368D1EE00C91783 /* Mini_Collector_Prefix.pch */ = {isa = PBXFileReference; fileEncoding = 4; lastKnownFileType = sourcecode.c.h; path = Mini_Collector_Prefix.pch; sourceTree = "<group>"; };
		6E37971011B9BDB60011C497 /* Three20Core.xcodeproj */ = {isa = PBXFileReference; lastKnownFileType = "wrapper.pb-project"; name = Three20Core.xcodeproj; path = ../three20/src/Three20Core/Three20Core.xcodeproj; sourceTree = SOURCE_ROOT; };
		6E37971311B9BDB60011C497 /* Three20Network.xcodeproj */ = {isa = PBXFileReference; lastKnownFileType = "wrapper.pb-project"; name = Three20Network.xcodeproj; path = ../three20/src/Three20Network/Three20Network.xcodeproj; sourceTree = SOURCE_ROOT; };
		6E37971611B9BDB60011C497 /* Three20Style.xcodeproj */ = {isa = PBXFileReference; lastKnownFileType = "wrapper.pb-project"; name = Three20Style.xcodeproj; path = ../three20/src/Three20Style/Three20Style.xcodeproj; sourceTree = SOURCE_ROOT; };
		6E37971911B9BDB60011C497 /* Three20UICommon.xcodeproj */ = {isa = PBXFileReference; lastKnownFileType = "wrapper.pb-project"; name = Three20UICommon.xcodeproj; path = ../three20/src/Three20UICommon/Three20UICommon.xcodeproj; sourceTree = SOURCE_ROOT; };
		6E37971C11B9BDB60011C497 /* Three20UINavigator.xcodeproj */ = {isa = PBXFileReference; lastKnownFileType = "wrapper.pb-project"; name = Three20UINavigator.xcodeproj; path = ../three20/src/Three20UINavigator/Three20UINavigator.xcodeproj; sourceTree = SOURCE_ROOT; };
		6E37971F11B9BDB60011C497 /* Three20UI.xcodeproj */ = {isa = PBXFileReference; lastKnownFileType = "wrapper.pb-project"; name = Three20UI.xcodeproj; path = ../three20/src/Three20UI/Three20UI.xcodeproj; sourceTree = SOURCE_ROOT; };
		6EF963BD118E96C9003902E7 /* Three20.xcodeproj */ = {isa = PBXFileReference; lastKnownFileType = "wrapper.pb-project"; name = Three20.xcodeproj; path = ../three20/src/Three20/Three20.xcodeproj; sourceTree = SOURCE_ROOT; };
		8D1107310486CEB800E47090 /* Mini_Collector-Info.plist */ = {isa = PBXFileReference; fileEncoding = 4; lastKnownFileType = text.plist.xml; path = "Mini_Collector-Info.plist"; sourceTree = "<group>"; };
		EB383C0410BBF8A40000B2D2 /* AppDelegate.h */ = {isa = PBXFileReference; fileEncoding = 4; lastKnownFileType = sourcecode.c.h; name = AppDelegate.h; path = Classes/AppDelegate.h; sourceTree = SOURCE_ROOT; };
		EB383C0510BBF8A40000B2D2 /* AppDelegate.m */ = {isa = PBXFileReference; fileEncoding = 4; lastKnownFileType = sourcecode.c.objc; name = AppDelegate.m; path = Classes/AppDelegate.m; sourceTree = SOURCE_ROOT; };
		EB383C1310BBF8C70000B2D2 /* QuartzCore.framework */ = {isa = PBXFileReference; lastKnownFileType = wrapper.framework; name = QuartzCore.framework; path = System/Library/Frameworks/QuartzCore.framework; sourceTree = SDKROOT; };
		EB383D1010BBFC630000B2D2 /* Three20.bundle */ = {isa = PBXFileReference; lastKnownFileType = "wrapper.plug-in"; name = Three20.bundle; path = ../three20/src/Three20.bundle; sourceTree = SOURCE_ROOT; };
/* End PBXFileReference section */

/* Begin PBXFrameworksBuildPhase section */
		1D60588F0D05DD3D006BFB54 /* Frameworks */ = {
			isa = PBXFrameworksBuildPhase;
			buildActionMask = 2147483647;
			files = (
				1D60589F0D05DD5A006BFB54 /* Foundation.framework in Frameworks */,
				1DF5F4E00D08C38300B7A737 /* UIKit.framework in Frameworks */,
				288765A50DF7441C002DB57D /* CoreGraphics.framework in Frameworks */,
				28D801B40F44B63D00FB423F /* CoreData.framework in Frameworks */,
				EB383C1410BBF8C70000B2D2 /* QuartzCore.framework in Frameworks */,
				6EF963EC118E96CC003902E7 /* libThree20.a in Frameworks */,
				6E37974911B9BDCB0011C497 /* libThree20Core.a in Frameworks */,
				6E37974A11B9BDCB0011C497 /* libThree20Network.a in Frameworks */,
				6E37974B11B9BDCC0011C497 /* libThree20Style.a in Frameworks */,
				6E37974C11B9BDCC0011C497 /* libThree20UI.a in Frameworks */,
				6E37974D11B9BDCC0011C497 /* libThree20UICommon.a in Frameworks */,
				6E37974E11B9BDCD0011C497 /* libThree20UINavigator.a in Frameworks */,
				324BBB75121FD178008631B0 /* libzbar.a in Frameworks */,
				324BBB7D121FDC7D008631B0 /* AVFoundation.framework in Frameworks */,
				324BBB7F121FDC7D008631B0 /* CoreMedia.framework in Frameworks */,
				324BBB81121FDC7D008631B0 /* CoreVideo.framework in Frameworks */,
				324BBB83121FDC7D008631B0 /* libiconv.dylib in Frameworks */,
				323EAC96123EA77A004D85F6 /* GameKit.framework in Frameworks */,
			);
			runOnlyForDeploymentPostprocessing = 0;
		};
/* End PBXFrameworksBuildPhase section */

/* Begin PBXGroup section */
		080E96DDFE201D6D7F000001 /* Classes */ = {
			isa = PBXGroup;
			children = (
				32BEAC8112240E05003B0278 /* Figure.h */,
				32BEAC8212240E05003B0278 /* Figure.m */,
				324BBC7012201D9A008631B0 /* MainViewController.h */,
				324BBC6E12201D49008631B0 /* MainViewController.m */,
				EB383C0410BBF8A40000B2D2 /* AppDelegate.h */,
				EB383C0510BBF8A40000B2D2 /* AppDelegate.m */,
				324BBCEE12211A3A008631B0 /* LauncherView.h */,
				324BBCEF12211A3A008631B0 /* LauncherView.m */,
				324BBDA01221B122008631B0 /* DefaultStyleSheet.h */,
				324BBDA11221B122008631B0 /* DefaultStyleSheet.m */,
				32BEAAE212223C38003B0278 /* FigureViewController.h */,
				32BEAAE312223C38003B0278 /* FigureViewController.m */,
			);
			path = Classes;
			sourceTree = "<group>";
		};
		19C28FACFE9D520D11CA2CBB /* Products */ = {
			isa = PBXGroup;
			children = (
				1D6058910D05DD3D006BFB54 /* Mini Collector.app */,
			);
			name = Products;
			sourceTree = "<group>";
		};
		29B97314FDCFA39411CA2CEA /* CustomTemplate */ = {
			isa = PBXGroup;
			children = (
				32BEAA2C1221EF07003B0278 /* Images */,
				324BBB59121FD178008631B0 /* ZBarSDK */,
				080E96DDFE201D6D7F000001 /* Classes */,
				29B97315FDCFA39411CA2CEA /* Other Sources */,
				29B97317FDCFA39411CA2CEA /* Resources */,
				6EF963BC118E96B7003902E7 /* Dependencies */,
				29B97323FDCFA39411CA2CEA /* Frameworks */,
				19C28FACFE9D520D11CA2CBB /* Products */,
			);
			name = CustomTemplate;
			sourceTree = "<group>";
		};
		29B97315FDCFA39411CA2CEA /* Other Sources */ = {
			isa = PBXGroup;
			children = (
				32CA4F630368D1EE00C91783 /* Mini_Collector_Prefix.pch */,
				29B97316FDCFA39411CA2CEA /* main.m */,
			);
			name = "Other Sources";
			sourceTree = "<group>";
		};
		29B97317FDCFA39411CA2CEA /* Resources */ = {
			isa = PBXGroup;
			children = (
				32749806122B360900BED32D /* Icon.png */,
				327497CA122B283D00BED32D /* Default.png */,
				EB383D1010BBFC630000B2D2 /* Three20.bundle */,
				8D1107310486CEB800E47090 /* Mini_Collector-Info.plist */,
				32749835122B8A9A00BED32D /* Entitlements.plist */,
			);
			name = Resources;
			sourceTree = "<group>";
		};
		29B97323FDCFA39411CA2CEA /* Frameworks */ = {
			isa = PBXGroup;
			children = (
				323EAC95123EA77A004D85F6 /* GameKit.framework */,
				324BBB7C121FDC7D008631B0 /* AVFoundation.framework */,
				324BBB7E121FDC7D008631B0 /* CoreMedia.framework */,
				324BBB80121FDC7D008631B0 /* CoreVideo.framework */,
				324BBB82121FDC7D008631B0 /* libiconv.dylib */,
				1DF5F4DF0D08C38300B7A737 /* UIKit.framework */,
				1D30AB110D05D00D00671497 /* Foundation.framework */,
				288765A40DF7441C002DB57D /* CoreGraphics.framework */,
				28D801B30F44B63D00FB423F /* CoreData.framework */,
				EB383C1310BBF8C70000B2D2 /* QuartzCore.framework */,
			);
			name = Frameworks;
			sourceTree = "<group>";
		};
		324BBB59121FD178008631B0 /* ZBarSDK */ = {
			isa = PBXGroup;
			children = (
				324BBB5A121FD178008631B0 /* Headers */,
				324BBB6F121FD178008631B0 /* libzbar.a */,
				324BBB70121FD178008631B0 /* Resources */,
			);
			path = ZBarSDK;
			sourceTree = "<group>";
		};
		324BBB5A121FD178008631B0 /* Headers */ = {
			isa = PBXGroup;
			children = (
				324BBB5B121FD178008631B0 /* ZBarSDK */,
			);
			path = Headers;
			sourceTree = "<group>";
		};
		324BBB5B121FD178008631B0 /* ZBarSDK */ = {
			isa = PBXGroup;
			children = (
				324BBB5C121FD178008631B0 /* zbar */,
				324BBB66121FD178008631B0 /* zbar.h */,
				324BBB67121FD178008631B0 /* ZBarCaptureReader.h */,
				324BBB68121FD178008631B0 /* ZBarImage.h */,
				324BBB69121FD178008631B0 /* ZBarImageScanner.h */,
				324BBB6A121FD178008631B0 /* ZBarReaderController.h */,
				324BBB6B121FD178008631B0 /* ZBarReaderView.h */,
				324BBB6C121FD178008631B0 /* ZBarReaderViewController.h */,
				324BBB6D121FD178008631B0 /* ZBarSDK.h */,
				324BBB6E121FD178008631B0 /* ZBarSymbol.h */,
			);
			path = ZBarSDK;
			sourceTree = "<group>";
		};
		324BBB5C121FD178008631B0 /* zbar */ = {
			isa = PBXGroup;
			children = (
				324BBB5D121FD178008631B0 /* Decoder.h */,
				324BBB5E121FD178008631B0 /* Exception.h */,
				324BBB5F121FD178008631B0 /* Image.h */,
				324BBB60121FD178008631B0 /* ImageScanner.h */,
				324BBB61121FD178008631B0 /* Processor.h */,
				324BBB62121FD178008631B0 /* Scanner.h */,
				324BBB63121FD178008631B0 /* Symbol.h */,
				324BBB64121FD178008631B0 /* Video.h */,
				324BBB65121FD178008631B0 /* Window.h */,
			);
			path = zbar;
			sourceTree = "<group>";
		};
		324BBB70121FD178008631B0 /* Resources */ = {
			isa = PBXGroup;
			children = (
				324BBB71121FD178008631B0 /* zbar-back.png */,
				324BBB72121FD178008631B0 /* zbar-help.html */,
				324BBB73121FD178008631B0 /* zbar-helpicons.png */,
				324BBB74121FD178008631B0 /* zbar-samples.png */,
			);
			path = Resources;
			sourceTree = "<group>";
		};
		32BEAA2C1221EF07003B0278 /* Images */ = {
			isa = PBXGroup;
			children = (
				32C4FAD1124963680069E688 /* achievements.png */,
				32749777122B204400BED32D /* 2-1-57.png */,
				32749778122B204400BED32D /* 2-1-320.png */,
				32749779122B204400BED32D /* 2-2-57.png */,
				3274977A122B204400BED32D /* 2-2-320.png */,
				3274977B122B204400BED32D /* 2-3-57.png */,
				3274977C122B204400BED32D /* 2-3-320.png */,
				3274977D122B204400BED32D /* 2-4-57.png */,
				3274977E122B204400BED32D /* 2-4-320.png */,
				3274977F122B204400BED32D /* 2-5-57.png */,
				32749780122B204400BED32D /* 2-5-320.png */,
				32749781122B204400BED32D /* 2-6-57.png */,
				32749782122B204400BED32D /* 2-6-320.png */,
				32749783122B204400BED32D /* 2-7-57.png */,
				32749784122B204400BED32D /* 2-7-320.png */,
				32749785122B204400BED32D /* 2-8-57.png */,
				32749786122B204400BED32D /* 2-8-320.png */,
				32749787122B204400BED32D /* 2-9-57.png */,
				32749788122B204400BED32D /* 2-9-320.png */,
				32749789122B204400BED32D /* 2-10-57.png */,
				3274978A122B204400BED32D /* 2-10-320.png */,
				3274978B122B204400BED32D /* 2-11-57.png */,
				3274978C122B204400BED32D /* 2-11-320.png */,
				3274978D122B204400BED32D /* 2-12-57.png */,
				3274978E122B204400BED32D /* 2-12-320.png */,
				3274978F122B204400BED32D /* 2-13-57.png */,
				32749790122B204400BED32D /* 2-13-320.png */,
				32749791122B204400BED32D /* 2-14-57.png */,
				32749792122B204400BED32D /* 2-14-320.png */,
				32749793122B204400BED32D /* 2-15-57.png */,
				32749794122B204400BED32D /* 2-15-320.png */,
				32749795122B204400BED32D /* 2-16-57.png */,
				32749796122B204400BED32D /* 2-16-320.png */,
				32749733122B1C8900BED32D /* 1-1-57.png */,
				32749734122B1C8900BED32D /* 1-1-320.png */,
				32749735122B1C8900BED32D /* 1-2-57.png */,
				32749736122B1C8900BED32D /* 1-2-320.png */,
				32749737122B1C8900BED32D /* 1-3-57.png */,
				32749738122B1C8900BED32D /* 1-3-320.png */,
				32749739122B1C8900BED32D /* 1-4-57.png */,
				3274973A122B1C8900BED32D /* 1-4-320.png */,
				3274973B122B1C8900BED32D /* 1-5-57.png */,
				3274973C122B1C8900BED32D /* 1-5-320.png */,
				3274973D122B1C8900BED32D /* 1-6-57.png */,
				3274973E122B1C8900BED32D /* 1-6-320.png */,
				3274973F122B1C8900BED32D /* 1-7-57.png */,
				32749740122B1C8900BED32D /* 1-7-320.png */,
				32749741122B1C8900BED32D /* 1-8-57.png */,
				32749742122B1C8900BED32D /* 1-8-320.png */,
				32749743122B1C8900BED32D /* 1-9-57.png */,
				32749744122B1C8900BED32D /* 1-9-320.png */,
				32749745122B1C8900BED32D /* 1-10-57.png */,
				32749746122B1C8900BED32D /* 1-10-320.png */,
				32749747122B1C8900BED32D /* 1-11-57.png */,
				32749748122B1C8900BED32D /* 1-11-320.png */,
				32749749122B1C8900BED32D /* 1-12-57.png */,
				3274974A122B1C8900BED32D /* 1-12-320.png */,
				3274974B122B1C8900BED32D /* 1-13-57.png */,
				3274974C122B1C8900BED32D /* 1-13-320.png */,
				3274974D122B1C8900BED32D /* 1-14-57.png */,
				3274974E122B1C8900BED32D /* 1-14-320.png */,
				3274974F122B1C8900BED32D /* 1-15-57.png */,
				32749750122B1C8900BED32D /* 1-15-320.png */,
				32749751122B1C8900BED32D /* 1-16-57.png */,
				32749752122B1C8900BED32D /* 1-16-320.png */,
				32749753122B1C8900BED32D /* Hidden-1.png */,
				32749754122B1C8900BED32D /* Hidden-2.png */,
			);
			name = Images;
			sourceTree = "<group>";
		};
		6E37971111B9BDB60011C497 /* Products */ = {
			isa = PBXGroup;
			children = (
				6E37972511B9BDB60011C497 /* libThree20Core.a */,
				6E37972711B9BDB60011C497 /* CoreUnitTests.octest */,
			);
			name = Products;
			sourceTree = "<group>";
		};
		6E37971411B9BDB60011C497 /* Products */ = {
			isa = PBXGroup;
			children = (
				6E37972B11B9BDB60011C497 /* libThree20Network.a */,
				6E37972D11B9BDB60011C497 /* UnitTests.octest */,
			);
			name = Products;
			sourceTree = "<group>";
		};
		6E37971711B9BDB60011C497 /* Products */ = {
			isa = PBXGroup;
			children = (
				6E37973111B9BDB60011C497 /* libThree20Style.a */,
				6E37973311B9BDB60011C497 /* UnitTests.octest */,
			);
			name = Products;
			sourceTree = "<group>";
		};
		6E37971A11B9BDB60011C497 /* Products */ = {
			isa = PBXGroup;
			children = (
				6E37973711B9BDB60011C497 /* libThree20UICommon.a */,
				6E37973911B9BDB60011C497 /* UnitTests.octest */,
			);
			name = Products;
			sourceTree = "<group>";
		};
		6E37971D11B9BDB60011C497 /* Products */ = {
			isa = PBXGroup;
			children = (
				6E37973D11B9BDB60011C497 /* libThree20UINavigator.a */,
				6E37973F11B9BDB60011C497 /* UnitTests.octest */,
			);
			name = Products;
			sourceTree = "<group>";
		};
		6E37972011B9BDB60011C497 /* Products */ = {
			isa = PBXGroup;
			children = (
				6E37974311B9BDB60011C497 /* libThree20UI.a */,
				6E37974511B9BDB60011C497 /* UnitTests.octest */,
			);
			name = Products;
			sourceTree = "<group>";
		};
		6E37974711B9BDB80011C497 /* Three20 */ = {
			isa = PBXGroup;
			children = (
				6E37971011B9BDB60011C497 /* Three20Core.xcodeproj */,
				6E37971311B9BDB60011C497 /* Three20Network.xcodeproj */,
				6E37971611B9BDB60011C497 /* Three20Style.xcodeproj */,
				6E37971911B9BDB60011C497 /* Three20UICommon.xcodeproj */,
				6E37971C11B9BDB60011C497 /* Three20UINavigator.xcodeproj */,
				6E37971F11B9BDB60011C497 /* Three20UI.xcodeproj */,
				6EF963BD118E96C9003902E7 /* Three20.xcodeproj */,
			);
			name = Three20;
			sourceTree = "<group>";
		};
		6E37974811B9BDC10011C497 /* Three20 Extensions */ = {
			isa = PBXGroup;
			children = (
			);
			name = "Three20 Extensions";
			sourceTree = "<group>";
		};
		6EF963BC118E96B7003902E7 /* Dependencies */ = {
			isa = PBXGroup;
			children = (
				6E37974711B9BDB80011C497 /* Three20 */,
				6E37974811B9BDC10011C497 /* Three20 Extensions */,
			);
			name = Dependencies;
			sourceTree = "<group>";
		};
		6EF963BE118E96C9003902E7 /* Products */ = {
			isa = PBXGroup;
			children = (
				6EF963E9118E96CA003902E7 /* libThree20.a */,
				6EF963EB118E96CA003902E7 /* UnitTests.octest */,
			);
			name = Products;
			sourceTree = "<group>";
		};
/* End PBXGroup section */

/* Begin PBXNativeTarget section */
		1D6058900D05DD3D006BFB54 /* Mini Collector */ = {
			isa = PBXNativeTarget;
			buildConfigurationList = 1D6058960D05DD3E006BFB54 /* Build configuration list for PBXNativeTarget "Mini Collector" */;
			buildPhases = (
				1D60588D0D05DD3D006BFB54 /* Resources */,
				1D60588E0D05DD3D006BFB54 /* Sources */,
				1D60588F0D05DD3D006BFB54 /* Frameworks */,
			);
			buildRules = (
			);
			dependencies = (
				6EF963EE118E96CF003902E7 /* PBXTargetDependency */,
				6E37975011B9BDD70011C497 /* PBXTargetDependency */,
				6E37975211B9BDD70011C497 /* PBXTargetDependency */,
				6E37975411B9BDD70011C497 /* PBXTargetDependency */,
				6E37975611B9BDD70011C497 /* PBXTargetDependency */,
				6E37975811B9BDD70011C497 /* PBXTargetDependency */,
				6E37975A11B9BDD70011C497 /* PBXTargetDependency */,
			);
			name = "Mini Collector";
			productName = "Mini Collector";
			productReference = 1D6058910D05DD3D006BFB54 /* Mini Collector.app */;
			productType = "com.apple.product-type.application";
		};
/* End PBXNativeTarget section */

/* Begin PBXProject section */
		29B97313FDCFA39411CA2CEA /* Project object */ = {
			isa = PBXProject;
			buildConfigurationList = C01FCF4E08A954540054247B /* Build configuration list for PBXProject "Mini Collector" */;
			compatibilityVersion = "Xcode 3.1";
			developmentRegion = English;
			hasScannedForEncodings = 1;
			knownRegions = (
				English,
				Japanese,
				French,
				German,
			);
			mainGroup = 29B97314FDCFA39411CA2CEA /* CustomTemplate */;
			projectDirPath = "";
			projectReferences = (
				{
					ProductGroup = 6EF963BE118E96C9003902E7 /* Products */;
					ProjectRef = 6EF963BD118E96C9003902E7 /* Three20.xcodeproj */;
				},
				{
					ProductGroup = 6E37971111B9BDB60011C497 /* Products */;
					ProjectRef = 6E37971011B9BDB60011C497 /* Three20Core.xcodeproj */;
				},
				{
					ProductGroup = 6E37971411B9BDB60011C497 /* Products */;
					ProjectRef = 6E37971311B9BDB60011C497 /* Three20Network.xcodeproj */;
				},
				{
					ProductGroup = 6E37971711B9BDB60011C497 /* Products */;
					ProjectRef = 6E37971611B9BDB60011C497 /* Three20Style.xcodeproj */;
				},
				{
					ProductGroup = 6E37972011B9BDB60011C497 /* Products */;
					ProjectRef = 6E37971F11B9BDB60011C497 /* Three20UI.xcodeproj */;
				},
				{
					ProductGroup = 6E37971A11B9BDB60011C497 /* Products */;
					ProjectRef = 6E37971911B9BDB60011C497 /* Three20UICommon.xcodeproj */;
				},
				{
					ProductGroup = 6E37971D11B9BDB60011C497 /* Products */;
					ProjectRef = 6E37971C11B9BDB60011C497 /* Three20UINavigator.xcodeproj */;
				},
			);
			projectRoot = "";
			targets = (
				1D6058900D05DD3D006BFB54 /* Mini Collector */,
			);
		};
/* End PBXProject section */

/* Begin PBXReferenceProxy section */
		6E37972511B9BDB60011C497 /* libThree20Core.a */ = {
			isa = PBXReferenceProxy;
			fileType = archive.ar;
			path = libThree20Core.a;
			remoteRef = 6E37972411B9BDB60011C497 /* PBXContainerItemProxy */;
			sourceTree = BUILT_PRODUCTS_DIR;
		};
		6E37972711B9BDB60011C497 /* CoreUnitTests.octest */ = {
			isa = PBXReferenceProxy;
			fileType = wrapper.cfbundle;
			path = CoreUnitTests.octest;
			remoteRef = 6E37972611B9BDB60011C497 /* PBXContainerItemProxy */;
			sourceTree = BUILT_PRODUCTS_DIR;
		};
		6E37972B11B9BDB60011C497 /* libThree20Network.a */ = {
			isa = PBXReferenceProxy;
			fileType = archive.ar;
			path = libThree20Network.a;
			remoteRef = 6E37972A11B9BDB60011C497 /* PBXContainerItemProxy */;
			sourceTree = BUILT_PRODUCTS_DIR;
		};
		6E37972D11B9BDB60011C497 /* UnitTests.octest */ = {
			isa = PBXReferenceProxy;
			fileType = wrapper.cfbundle;
			path = UnitTests.octest;
			remoteRef = 6E37972C11B9BDB60011C497 /* PBXContainerItemProxy */;
			sourceTree = BUILT_PRODUCTS_DIR;
		};
		6E37973111B9BDB60011C497 /* libThree20Style.a */ = {
			isa = PBXReferenceProxy;
			fileType = archive.ar;
			path = libThree20Style.a;
			remoteRef = 6E37973011B9BDB60011C497 /* PBXContainerItemProxy */;
			sourceTree = BUILT_PRODUCTS_DIR;
		};
		6E37973311B9BDB60011C497 /* UnitTests.octest */ = {
			isa = PBXReferenceProxy;
			fileType = wrapper.cfbundle;
			path = UnitTests.octest;
			remoteRef = 6E37973211B9BDB60011C497 /* PBXContainerItemProxy */;
			sourceTree = BUILT_PRODUCTS_DIR;
		};
		6E37973711B9BDB60011C497 /* libThree20UICommon.a */ = {
			isa = PBXReferenceProxy;
			fileType = archive.ar;
			path = libThree20UICommon.a;
			remoteRef = 6E37973611B9BDB60011C497 /* PBXContainerItemProxy */;
			sourceTree = BUILT_PRODUCTS_DIR;
		};
		6E37973911B9BDB60011C497 /* UnitTests.octest */ = {
			isa = PBXReferenceProxy;
			fileType = wrapper.cfbundle;
			path = UnitTests.octest;
			remoteRef = 6E37973811B9BDB60011C497 /* PBXContainerItemProxy */;
			sourceTree = BUILT_PRODUCTS_DIR;
		};
		6E37973D11B9BDB60011C497 /* libThree20UINavigator.a */ = {
			isa = PBXReferenceProxy;
			fileType = archive.ar;
			path = libThree20UINavigator.a;
			remoteRef = 6E37973C11B9BDB60011C497 /* PBXContainerItemProxy */;
			sourceTree = BUILT_PRODUCTS_DIR;
		};
		6E37973F11B9BDB60011C497 /* UnitTests.octest */ = {
			isa = PBXReferenceProxy;
			fileType = wrapper.cfbundle;
			path = UnitTests.octest;
			remoteRef = 6E37973E11B9BDB60011C497 /* PBXContainerItemProxy */;
			sourceTree = BUILT_PRODUCTS_DIR;
		};
		6E37974311B9BDB60011C497 /* libThree20UI.a */ = {
			isa = PBXReferenceProxy;
			fileType = archive.ar;
			path = libThree20UI.a;
			remoteRef = 6E37974211B9BDB60011C497 /* PBXContainerItemProxy */;
			sourceTree = BUILT_PRODUCTS_DIR;
		};
		6E37974511B9BDB60011C497 /* UnitTests.octest */ = {
			isa = PBXReferenceProxy;
			fileType = wrapper.cfbundle;
			path = UnitTests.octest;
			remoteRef = 6E37974411B9BDB60011C497 /* PBXContainerItemProxy */;
			sourceTree = BUILT_PRODUCTS_DIR;
		};
		6EF963E9118E96CA003902E7 /* libThree20.a */ = {
			isa = PBXReferenceProxy;
			fileType = archive.ar;
			path = libThree20.a;
			remoteRef = 6EF963E8118E96CA003902E7 /* PBXContainerItemProxy */;
			sourceTree = BUILT_PRODUCTS_DIR;
		};
		6EF963EB118E96CA003902E7 /* UnitTests.octest */ = {
			isa = PBXReferenceProxy;
			fileType = wrapper.cfbundle;
			path = UnitTests.octest;
			remoteRef = 6EF963EA118E96CA003902E7 /* PBXContainerItemProxy */;
			sourceTree = BUILT_PRODUCTS_DIR;
		};
/* End PBXReferenceProxy section */

/* Begin PBXResourcesBuildPhase section */
		1D60588D0D05DD3D006BFB54 /* Resources */ = {
			isa = PBXResourcesBuildPhase;
			buildActionMask = 2147483647;
			files = (
				EB383D1110BBFC630000B2D2 /* Three20.bundle in Resources */,
				324BBB76121FD178008631B0 /* zbar-back.png in Resources */,
				324BBB77121FD178008631B0 /* zbar-help.html in Resources */,
				324BBB78121FD178008631B0 /* zbar-helpicons.png in Resources */,
				324BBB79121FD178008631B0 /* zbar-samples.png in Resources */,
				32749755122B1C8900BED32D /* 1-1-57.png in Resources */,
				32749756122B1C8900BED32D /* 1-1-320.png in Resources */,
				32749757122B1C8900BED32D /* 1-2-57.png in Resources */,
				32749758122B1C8900BED32D /* 1-2-320.png in Resources */,
				32749759122B1C8900BED32D /* 1-3-57.png in Resources */,
				3274975A122B1C8900BED32D /* 1-3-320.png in Resources */,
				3274975B122B1C8900BED32D /* 1-4-57.png in Resources */,
				3274975C122B1C8900BED32D /* 1-4-320.png in Resources */,
				3274975D122B1C8900BED32D /* 1-5-57.png in Resources */,
				3274975E122B1C8900BED32D /* 1-5-320.png in Resources */,
				3274975F122B1C8900BED32D /* 1-6-57.png in Resources */,
				32749760122B1C8900BED32D /* 1-6-320.png in Resources */,
				32749761122B1C8900BED32D /* 1-7-57.png in Resources */,
				32749762122B1C8900BED32D /* 1-7-320.png in Resources */,
				32749763122B1C8900BED32D /* 1-8-57.png in Resources */,
				32749764122B1C8900BED32D /* 1-8-320.png in Resources */,
				32749765122B1C8900BED32D /* 1-9-57.png in Resources */,
				32749766122B1C8900BED32D /* 1-9-320.png in Resources */,
				32749767122B1C8900BED32D /* 1-10-57.png in Resources */,
				32749768122B1C8900BED32D /* 1-10-320.png in Resources */,
				32749769122B1C8900BED32D /* 1-11-57.png in Resources */,
				3274976A122B1C8900BED32D /* 1-11-320.png in Resources */,
				3274976B122B1C8900BED32D /* 1-12-57.png in Resources */,
				3274976C122B1C8900BED32D /* 1-12-320.png in Resources */,
				3274976D122B1C8900BED32D /* 1-13-57.png in Resources */,
				3274976E122B1C8900BED32D /* 1-13-320.png in Resources */,
				3274976F122B1C8900BED32D /* 1-14-57.png in Resources */,
				32749770122B1C8900BED32D /* 1-14-320.png in Resources */,
				32749771122B1C8900BED32D /* 1-15-57.png in Resources */,
				32749772122B1C8900BED32D /* 1-15-320.png in Resources */,
				32749773122B1C8900BED32D /* 1-16-57.png in Resources */,
				32749774122B1C8900BED32D /* 1-16-320.png in Resources */,
				32749775122B1C8900BED32D /* Hidden-1.png in Resources */,
				32749776122B1C8900BED32D /* Hidden-2.png in Resources */,
				32749797122B204400BED32D /* 2-1-57.png in Resources */,
				32749798122B204400BED32D /* 2-1-320.png in Resources */,
				32749799122B204400BED32D /* 2-2-57.png in Resources */,
				3274979A122B204400BED32D /* 2-2-320.png in Resources */,
				3274979B122B204400BED32D /* 2-3-57.png in Resources */,
				3274979C122B204400BED32D /* 2-3-320.png in Resources */,
				3274979D122B204400BED32D /* 2-4-57.png in Resources */,
				3274979E122B204400BED32D /* 2-4-320.png in Resources */,
				3274979F122B204400BED32D /* 2-5-57.png in Resources */,
				327497A0122B204400BED32D /* 2-5-320.png in Resources */,
				327497A1122B204400BED32D /* 2-6-57.png in Resources */,
				327497A2122B204400BED32D /* 2-6-320.png in Resources */,
				327497A3122B204400BED32D /* 2-7-57.png in Resources */,
				327497A4122B204400BED32D /* 2-7-320.png in Resources */,
				327497A5122B204400BED32D /* 2-8-57.png in Resources */,
				327497A6122B204400BED32D /* 2-8-320.png in Resources */,
				327497A7122B204400BED32D /* 2-9-57.png in Resources */,
				327497A8122B204400BED32D /* 2-9-320.png in Resources */,
				327497A9122B204400BED32D /* 2-10-57.png in Resources */,
				327497AA122B204400BED32D /* 2-10-320.png in Resources */,
				327497AB122B204400BED32D /* 2-11-57.png in Resources */,
				327497AC122B204400BED32D /* 2-11-320.png in Resources */,
				327497AD122B204400BED32D /* 2-12-57.png in Resources */,
				327497AE122B204400BED32D /* 2-12-320.png in Resources */,
				327497AF122B204400BED32D /* 2-13-57.png in Resources */,
				327497B0122B204400BED32D /* 2-13-320.png in Resources */,
				327497B1122B204400BED32D /* 2-14-57.png in Resources */,
				327497B2122B204400BED32D /* 2-14-320.png in Resources */,
				327497B3122B204400BED32D /* 2-15-57.png in Resources */,
				327497B4122B204400BED32D /* 2-15-320.png in Resources */,
				327497B5122B204400BED32D /* 2-16-57.png in Resources */,
				327497B6122B204400BED32D /* 2-16-320.png in Resources */,
				327497CB122B283D00BED32D /* Default.png in Resources */,
				32749807122B360900BED32D /* Icon.png in Resources */,
				32C4FAD2124963680069E688 /* achievements.png in Resources */,
			);
			runOnlyForDeploymentPostprocessing = 0;
		};
/* End PBXResourcesBuildPhase section */

/* Begin PBXSourcesBuildPhase section */
		1D60588E0D05DD3D006BFB54 /* Sources */ = {
			isa = PBXSourcesBuildPhase;
			buildActionMask = 2147483647;
			files = (
				1D60589B0D05DD56006BFB54 /* main.m in Sources */,
				EB383C0610BBF8A40000B2D2 /* AppDelegate.m in Sources */,
				324BBC6F12201D49008631B0 /* MainViewController.m in Sources */,
				324BBCF012211A3A008631B0 /* LauncherView.m in Sources */,
				324BBDA21221B122008631B0 /* DefaultStyleSheet.m in Sources */,
				32BEAAE412223C38003B0278 /* FigureViewController.m in Sources */,
				32BEAC8312240E05003B0278 /* Figure.m in Sources */,
			);
			runOnlyForDeploymentPostprocessing = 0;
		};
/* End PBXSourcesBuildPhase section */

/* Begin PBXTargetDependency section */
		6E37975011B9BDD70011C497 /* PBXTargetDependency */ = {
			isa = PBXTargetDependency;
			name = Three20Network;
			targetProxy = 6E37974F11B9BDD70011C497 /* PBXContainerItemProxy */;
		};
		6E37975211B9BDD70011C497 /* PBXTargetDependency */ = {
			isa = PBXTargetDependency;
			name = Three20UINavigator;
			targetProxy = 6E37975111B9BDD70011C497 /* PBXContainerItemProxy */;
		};
		6E37975411B9BDD70011C497 /* PBXTargetDependency */ = {
			isa = PBXTargetDependency;
			name = Three20UICommon;
			targetProxy = 6E37975311B9BDD70011C497 /* PBXContainerItemProxy */;
		};
		6E37975611B9BDD70011C497 /* PBXTargetDependency */ = {
			isa = PBXTargetDependency;
			name = Three20Core;
			targetProxy = 6E37975511B9BDD70011C497 /* PBXContainerItemProxy */;
		};
		6E37975811B9BDD70011C497 /* PBXTargetDependency */ = {
			isa = PBXTargetDependency;
			name = Three20Style;
			targetProxy = 6E37975711B9BDD70011C497 /* PBXContainerItemProxy */;
		};
		6E37975A11B9BDD70011C497 /* PBXTargetDependency */ = {
			isa = PBXTargetDependency;
			name = Three20UI;
			targetProxy = 6E37975911B9BDD70011C497 /* PBXContainerItemProxy */;
		};
		6EF963EE118E96CF003902E7 /* PBXTargetDependency */ = {
			isa = PBXTargetDependency;
			name = Three20;
			targetProxy = 6EF963ED118E96CF003902E7 /* PBXContainerItemProxy */;
		};
/* End PBXTargetDependency section */

/* Begin XCBuildConfiguration section */
		1D6058940D05DD3E006BFB54 /* Debug */ = {
			isa = XCBuildConfiguration;
			buildSettings = {
				ALWAYS_SEARCH_USER_PATHS = NO;
				CODE_SIGN_ENTITLEMENTS = "";
				COPY_PHASE_STRIP = NO;
				FRAMEWORK_SEARCH_PATHS = "$(inherited)";
				GCC_DYNAMIC_NO_PIC = NO;
				GCC_OPTIMIZATION_LEVEL = 0;
				GCC_PRECOMPILE_PREFIX_HEADER = YES;
				GCC_PREFIX_HEADER = Mini_Collector_Prefix.pch;
				HEADER_SEARCH_PATHS = ../three20/Build/Products/three20;
				INFOPLIST_FILE = "Mini_Collector-Info.plist";
				IPHONEOS_DEPLOYMENT_TARGET = 3.1.3;
				LIBRARY_SEARCH_PATHS = (
					"$(inherited)",
					"\"$(SRCROOT)/ZBarSDK\"",
				);
				OTHER_LDFLAGS = (
					"-all_load",
					"-ObjC",
				);
				PRODUCT_NAME = "Mini Collector";
			};
			name = Debug;
		};
		1D6058950D05DD3E006BFB54 /* Release */ = {
			isa = XCBuildConfiguration;
			buildSettings = {
				ALWAYS_SEARCH_USER_PATHS = NO;
				CODE_SIGN_ENTITLEMENTS = "";
				COPY_PHASE_STRIP = YES;
				FRAMEWORK_SEARCH_PATHS = "$(inherited)";
				GCC_PRECOMPILE_PREFIX_HEADER = YES;
				GCC_PREFIX_HEADER = Mini_Collector_Prefix.pch;
				HEADER_SEARCH_PATHS = ../three20/Build/Products/three20;
				INFOPLIST_FILE = "Mini_Collector-Info.plist";
				IPHONEOS_DEPLOYMENT_TARGET = 3.2;
				LIBRARY_SEARCH_PATHS = (
					"$(inherited)",
					"\"$(SRCROOT)/ZBarSDK\"",
				);
				OTHER_LDFLAGS = (
					"-all_load",
					"-ObjC",
				);
				PRODUCT_NAME = "Mini Collector";
			};
			name = Release;
		};
		32500D0012313D7A0004E55A /* Distribution Ad Hoc */ = {
			isa = XCBuildConfiguration;
			buildSettings = {
				ARCHS = "$(ARCHS_STANDARD_32_BIT)";
				CODE_SIGN_ENTITLEMENTS = Entitlements.plist;
				"CODE_SIGN_IDENTITY[sdk=iphoneos*]" = "iPhone Distribution: Peter Stromberg";
				GCC_C_LANGUAGE_STANDARD = c99;
				GCC_WARN_ABOUT_RETURN_TYPE = YES;
				GCC_WARN_UNUSED_VARIABLE = YES;
				IPHONEOS_DEPLOYMENT_TARGET = 3.1.3;
				PREBINDING = NO;
				"PROVISIONING_PROFILE[sdk=iphoneos*]" = "B8AEEF1A-839E-4AD2-B32A-1E98690D1CD9";
				SDKROOT = iphoneos4.1;
			};
			name = "Distribution Ad Hoc";
		};
		32500D0112313D7A0004E55A /* Distribution Ad Hoc */ = {
			isa = XCBuildConfiguration;
			buildSettings = {
				ALWAYS_SEARCH_USER_PATHS = NO;
				CODE_SIGN_ENTITLEMENTS = Entitlements.plist;
				"CODE_SIGN_IDENTITY[sdk=iphoneos*]" = "iPhone Distribution: Peter Stromberg";
				COPY_PHASE_STRIP = YES;
				FRAMEWORK_SEARCH_PATHS = "$(inherited)";
				GCC_PRECOMPILE_PREFIX_HEADER = YES;
				GCC_PREFIX_HEADER = Mini_Collector_Prefix.pch;
				HEADER_SEARCH_PATHS = ../three20/Build/Products/three20;
				INFOPLIST_FILE = "Mini_Collector-Info.plist";
				IPHONEOS_DEPLOYMENT_TARGET = 3.2;
				LIBRARY_SEARCH_PATHS = (
					"$(inherited)",
					"\"$(SRCROOT)/ZBarSDK\"",
				);
				OTHER_LDFLAGS = (
					"-all_load",
					"-ObjC",
				);
				PRODUCT_NAME = "Mini Collector";
				"PROVISIONING_PROFILE[sdk=iphoneos*]" = "B3F36610-61B5-4343-9E27-373DDF3BEF0E";
				VALIDATE_PRODUCT = YES;
			};
			name = "Distribution Ad Hoc";
		};
		327497F0122B306400BED32D /* Distribution */ = {
			isa = XCBuildConfiguration;
			buildSettings = {
				ARCHS = "$(ARCHS_STANDARD_32_BIT)";
				CODE_SIGN_ENTITLEMENTS = Entitlements.plist;
				"CODE_SIGN_IDENTITY[sdk=iphoneos*]" = "iPhone Distribution: Peter Stromberg";
				GCC_C_LANGUAGE_STANDARD = c99;
				GCC_WARN_ABOUT_RETURN_TYPE = YES;
				GCC_WARN_UNUSED_VARIABLE = YES;
				IPHONEOS_DEPLOYMENT_TARGET = 3.1.3;
				PREBINDING = NO;
				"PROVISIONING_PROFILE[sdk=iphoneos*]" = "B8AEEF1A-839E-4AD2-B32A-1E98690D1CD9";
				SDKROOT = iphoneos4.0;
			};
			name = Distribution;
		};
		327497F1122B306400BED32D /* Distribution */ = {
			isa = XCBuildConfiguration;
			buildSettings = {
				ALWAYS_SEARCH_USER_PATHS = NO;
				CODE_SIGN_ENTITLEMENTS = "";
				"CODE_SIGN_IDENTITY[sdk=iphoneos*]" = "iPhone Distribution: Peter Stromberg";
				COPY_PHASE_STRIP = YES;
				FRAMEWORK_SEARCH_PATHS = "$(inherited)";
				GCC_PRECOMPILE_PREFIX_HEADER = YES;
				GCC_PREFIX_HEADER = Mini_Collector_Prefix.pch;
				HEADER_SEARCH_PATHS = ../three20/Build/Products/three20;
				INFOPLIST_FILE = "Mini_Collector-Info.plist";
				IPHONEOS_DEPLOYMENT_TARGET = 3.1.3;
				LIBRARY_SEARCH_PATHS = (
					"$(inherited)",
					"\"$(SRCROOT)/ZBarSDK\"",
				);
				OTHER_LDFLAGS = (
					"-all_load",
					"-ObjC",
				);
				PRODUCT_NAME = "Mini Collector";
				"PROVISIONING_PROFILE[sdk=iphoneos*]" = "89DAC2B4-BB47-4C12-B66F-EE39AEA649B8";
				VALIDATE_PRODUCT = YES;
			};
			name = Distribution;
		};
		32749855122B8E8600BED32D /* Distribution AppStore */ = {
			isa = XCBuildConfiguration;
			buildSettings = {
				ARCHS = "$(ARCHS_STANDARD_32_BIT)";
				CODE_SIGN_ENTITLEMENTS = Entitlements.plist;
				"CODE_SIGN_IDENTITY[sdk=iphoneos*]" = "iPhone Distribution: Peter Stromberg";
				GCC_C_LANGUAGE_STANDARD = c99;
				GCC_WARN_ABOUT_RETURN_TYPE = YES;
				GCC_WARN_UNUSED_VARIABLE = YES;
				IPHONEOS_DEPLOYMENT_TARGET = 3.1.3;
				PREBINDING = NO;
				"PROVISIONING_PROFILE[sdk=iphoneos*]" = "B8AEEF1A-839E-4AD2-B32A-1E98690D1CD9";
				SDKROOT = iphoneos4.1;
			};
			name = "Distribution AppStore";
		};
		32749856122B8E8600BED32D /* Distribution AppStore */ = {
			isa = XCBuildConfiguration;
			buildSettings = {
				ALWAYS_SEARCH_USER_PATHS = NO;
				CODE_SIGN_ENTITLEMENTS = "";
				"CODE_SIGN_IDENTITY[sdk=iphoneos*]" = "iPhone Distribution: Peter Stromberg";
				COPY_PHASE_STRIP = YES;
				FRAMEWORK_SEARCH_PATHS = "$(inherited)";
				GCC_PRECOMPILE_PREFIX_HEADER = YES;
				GCC_PREFIX_HEADER = Mini_Collector_Prefix.pch;
				HEADER_SEARCH_PATHS = ../three20/Build/Products/three20;
				INFOPLIST_FILE = "Mini_Collector-Info.plist";
				IPHONEOS_DEPLOYMENT_TARGET = 3.1.3;
				LIBRARY_SEARCH_PATHS = (
					"$(inherited)",
					"\"$(SRCROOT)/ZBarSDK\"",
				);
				OTHER_LDFLAGS = (
					"-all_load",
					"-ObjC",
				);
				PRODUCT_NAME = "Mini Collector";
				"PROVISIONING_PROFILE[sdk=iphoneos*]" = "89DAC2B4-BB47-4C12-B66F-EE39AEA649B8";
				VALIDATE_PRODUCT = YES;
			};
			name = "Distribution AppStore";
		};
		C01FCF4F08A954540054247B /* Debug */ = {
			isa = XCBuildConfiguration;
			buildSettings = {
				ARCHS = "$(ARCHS_STANDARD_32_BIT)";
				"CODE_SIGN_IDENTITY[sdk=iphoneos*]" = "iPhone Developer";
				GCC_C_LANGUAGE_STANDARD = c99;
				GCC_PREPROCESSOR_DEFINITIONS = DEBUG;
				GCC_WARN_ABOUT_RETURN_TYPE = YES;
				GCC_WARN_UNUSED_VARIABLE = YES;
				IPHONEOS_DEPLOYMENT_TARGET = 3.1;
				ONLY_ACTIVE_ARCH = YES;
				PREBINDING = NO;
				SDKROOT = iphoneos4.1;
			};
			name = Debug;
		};
		C01FCF5008A954540054247B /* Release */ = {
			isa = XCBuildConfiguration;
			buildSettings = {
				ARCHS = "$(ARCHS_STANDARD_32_BIT)";
				"CODE_SIGN_IDENTITY[sdk=iphoneos*]" = "iPhone Developer";
				GCC_C_LANGUAGE_STANDARD = c99;
				GCC_WARN_ABOUT_RETURN_TYPE = YES;
				GCC_WARN_UNUSED_VARIABLE = YES;
				IPHONEOS_DEPLOYMENT_TARGET = 3.1.3;
				PREBINDING = NO;
				SDKROOT = iphoneos4.0;
			};
			name = Release;
		};
/* End XCBuildConfiguration section */

/* Begin XCConfigurationList section */
		1D6058960D05DD3E006BFB54 /* Build configuration list for PBXNativeTarget "Mini Collector" */ = {
			isa = XCConfigurationList;
			buildConfigurations = (
				1D6058940D05DD3E006BFB54 /* Debug */,
				1D6058950D05DD3E006BFB54 /* Release */,
				327497F1122B306400BED32D /* Distribution */,
				32749856122B8E8600BED32D /* Distribution AppStore */,
				32500D0112313D7A0004E55A /* Distribution Ad Hoc */,
			);
			defaultConfigurationIsVisible = 0;
			defaultConfigurationName = Release;
		};
		C01FCF4E08A954540054247B /* Build configuration list for PBXProject "Mini Collector" */ = {
			isa = XCConfigurationList;
			buildConfigurations = (
				C01FCF4F08A954540054247B /* Debug */,
				C01FCF5008A954540054247B /* Release */,
				327497F0122B306400BED32D /* Distribution */,
				32749855122B8E8600BED32D /* Distribution AppStore */,
				32500D0012313D7A0004E55A /* Distribution Ad Hoc */,
			);
			defaultConfigurationIsVisible = 0;
			defaultConfigurationName = Release;
		};
/* End XCConfigurationList section */
	};
	rootObject = 29B97313FDCFA39411CA2CEA /* Project object */;
}
